
Microsoft Visual Studio Solution File, Format Version 12.00
# Visual Studio Version 17
VisualStudioVersion = 17.2.32616.157
MinimumVisualStudioVersion = 10.0.40219.1
Project("{2150E333-8FDC-42A3-9474-1A3956D46DE8}") = "src", "src", "{BA8D055B-EAA6-442E-8D51-F6C7ACD0A7C2}"
EndProject
Project("{2150E333-8FDC-42A3-9474-1A3956D46DE8}") = "Data", "Data", "{387F41D6-0CA8-4BCD-9823-83704C72F3B0}"
EndProject
Project("{FAE04EC0-301F-11D3-BF4B-00C04F79EFBC}") = "Repository", "src\Data\Repository\Repository.csproj", "{D81D7EBC-B720-4B5A-9BE0-FCCE44B4FE43}"
EndProject
Project("{2150E333-8FDC-42A3-9474-1A3956D46DE8}") = "Business", "Business", "{221A5DE5-5CE5-429F-AAF5-3879C9E6FD7C}"
EndProject
Project("{FAE04EC0-301F-11D3-BF4B-00C04F79EFBC}") = "Services", "src\Business\Services\Services.csproj", "{958AF52E-AB1C-4564-A255-277922EB4383}"
EndProject
Project("{2150E333-8FDC-42A3-9474-1A3956D46DE8}") = "Presentation", "Presentation", "{0BC2D89B-822D-47D9-B861-CBD16806F512}"
EndProject
Project("{FAE04EC0-301F-11D3-BF4B-00C04F79EFBC}") = "Web", "src\Presentation\Web\Web.csproj", "{DA2C02CB-054A-4546-A56B-23A2248598AA}"
EndProject
Project("{2150E333-8FDC-42A3-9474-1A3956D46DE8}") = "Core", "Core", "{F8331541-7CD2-45B5-BB39-3C42ADEDA991}"
EndProject
Project("{FAE04EC0-301F-11D3-BF4B-00C04F79EFBC}") = "Common", "src\Core\Common\Common.csproj", "{B1AA5EF8-F730-4D7F-A62D-D778139029E7}"
EndProject
Global
	GlobalSection(SolutionConfigurationPlatforms) = preSolution
		Debug|Any CPU = Debug|Any CPU
		Release|Any CPU = Release|Any CPU
	EndGlobalSection
	GlobalSection(ProjectConfigurationPlatforms) = postSolution
		{D81D7EBC-B720-4B5A-9BE0-FCCE44B4FE43}.Debug|Any CPU.ActiveCfg = Debug|Any CPU
		{D81D7EBC-B720-4B5A-9BE0-FCCE44B4FE43}.Debug|Any CPU.Build.0 = Debug|Any CPU
		{D81D7EBC-B720-4B5A-9BE0-FCCE44B4FE43}.Release|Any CPU.ActiveCfg = Release|Any CPU
		{D81D7EBC-B720-4B5A-9BE0-FCCE44B4FE43}.Release|Any CPU.Build.0 = Release|Any CPU
		{958AF52E-AB1C-4564-A255-277922EB4383}.Debug|Any CPU.ActiveCfg = Debug|Any CPU
		{958AF52E-AB1C-4564-A255-277922EB4383}.Debug|Any CPU.Build.0 = Debug|Any CPU
		{958AF52E-AB1C-4564-A255-277922EB4383}.Release|Any CPU.ActiveCfg = Release|Any CPU
		{958AF52E-AB1C-4564-A255-277922EB4383}.Release|Any CPU.Build.0 = Release|Any CPU
		{DA2C02CB-054A-4546-A56B-23A2248598AA}.Debug|Any CPU.ActiveCfg = Debug|Any CPU
		{DA2C02CB-054A-4546-A56B-23A2248598AA}.Debug|Any CPU.Build.0 = Debug|Any CPU
		{DA2C02CB-054A-4546-A56B-23A2248598AA}.Release|Any CPU.ActiveCfg = Release|Any CPU
		{DA2C02CB-054A-4546-A56B-23A2248598AA}.Release|Any CPU.Build.0 = Release|Any CPU
		{B1AA5EF8-F730-4D7F-A62D-D778139029E7}.Debug|Any CPU.ActiveCfg = Debug|Any CPU
		{B1AA5EF8-F730-4D7F-A62D-D778139029E7}.Debug|Any CPU.Build.0 = Debug|Any CPU
		{B1AA5EF8-F730-4D7F-A62D-D778139029E7}.Release|Any CPU.ActiveCfg = Release|Any CPU
		{B1AA5EF8-F730-4D7F-A62D-D778139029E7}.Release|Any CPU.Build.0 = Release|Any CPU
	EndGlobalSection
	GlobalSection(SolutionProperties) = preSolution
		HideSolutionNode = FALSE
	EndGlobalSection
	GlobalSection(NestedProjects) = preSolution
		{387F41D6-0CA8-4BCD-9823-83704C72F3B0} = {BA8D055B-EAA6-442E-8D51-F6C7ACD0A7C2}
		{D81D7EBC-B720-4B5A-9BE0-FCCE44B4FE43} = {387F41D6-0CA8-4BCD-9823-83704C72F3B0}
		{221A5DE5-5CE5-429F-AAF5-3879C9E6FD7C} = {BA8D055B-EAA6-442E-8D51-F6C7ACD0A7C2}
		{958AF52E-AB1C-4564-A255-277922EB4383} = {221A5DE5-5CE5-429F-AAF5-3879C9E6FD7C}
		{0BC2D89B-822D-47D9-B861-CBD16806F512} = {BA8D055B-EAA6-442E-8D51-F6C7ACD0A7C2}
		{DA2C02CB-054A-4546-A56B-23A2248598AA} = {0BC2D89B-822D-47D9-B861-CBD16806F512}
		{F8331541-7CD2-45B5-BB39-3C42ADEDA991} = {BA8D055B-EAA6-442E-8D51-F6C7ACD0A7C2}
		{B1AA5EF8-F730-4D7F-A62D-D778139029E7} = {F8331541-7CD2-45B5-BB39-3C42ADEDA991}
	EndGlobalSection
	GlobalSection(ExtensibilityGlobals) = postSolution
		SolutionGuid = {BB78003E-6E6E-4D8F-BEEF-F785A9D60E7E}
	EndGlobalSection
EndGlobal
